// !$*UTF8*$!
{
	archiveVersion = 1;
	classes = {
	};
	objectVersion = 56;
	objects = {

/* Begin PBXBuildFile section */
		F725D47D29D64EEA00A52ACE /* AppDelegate.swift in Sources */ = {isa = PBXBuildFile; fileRef = F725D47C29D64EEA00A52ACE /* AppDelegate.swift */; };
		F725D47F29D64EEA00A52ACE /* SceneDelegate.swift in Sources */ = {isa = PBXBuildFile; fileRef = F725D47E29D64EEA00A52ACE /* SceneDelegate.swift */; };
		F725D48129D64EEA00A52ACE /* LoginController.swift in Sources */ = {isa = PBXBuildFile; fileRef = F725D48029D64EEA00A52ACE /* LoginController.swift */; };
		F725D48429D64EEA00A52ACE /* Main.storyboard in Resources */ = {isa = PBXBuildFile; fileRef = F725D48229D64EEA00A52ACE /* Main.storyboard */; };
		F725D48629D64EEB00A52ACE /* Assets.xcassets in Resources */ = {isa = PBXBuildFile; fileRef = F725D48529D64EEB00A52ACE /* Assets.xcassets */; };
		F725D48929D64EEB00A52ACE /* LaunchScreen.storyboard in Resources */ = {isa = PBXBuildFile; fileRef = F725D48729D64EEB00A52ACE /* LaunchScreen.storyboard */; };
		F725D49629D65F2C00A52ACE /* MenuController.swift in Sources */ = {isa = PBXBuildFile; fileRef = F725D49529D65F2C00A52ACE /* MenuController.swift */; };
		F725D49829D65F5300A52ACE /* ListBluetoothDevicesController.swift in Sources */ = {isa = PBXBuildFile; fileRef = F725D49729D65F5300A52ACE /* ListBluetoothDevicesController.swift */; };
		F725D49B29D6646F00A52ACE /* LoginViewModel.swift in Sources */ = {isa = PBXBuildFile; fileRef = F725D49A29D6646F00A52ACE /* LoginViewModel.swift */; };
		F725D49E29D664B200A52ACE /* Utility.swift in Sources */ = {isa = PBXBuildFile; fileRef = F725D49D29D664B200A52ACE /* Utility.swift */; };
		F725D4A129D6657B00A52ACE /* Login.swift in Sources */ = {isa = PBXBuildFile; fileRef = F725D4A029D6657B00A52ACE /* Login.swift */; };
		F725D4A329D665E800A52ACE /* Usuario.swift in Sources */ = {isa = PBXBuildFile; fileRef = F725D4A229D665E800A52ACE /* Usuario.swift */; };
/* End PBXBuildFile section */

/* Begin PBXFileReference section */
		F725D47929D64EEA00A52ACE /* DBernalPruebaTecnica.app */ = {isa = PBXFileReference; explicitFileType = wrapper.application; includeInIndex = 0; path = DBernalPruebaTecnica.app; sourceTree = BUILT_PRODUCTS_DIR; };
		F725D47C29D64EEA00A52ACE /* AppDelegate.swift */ = {isa = PBXFileReference; lastKnownFileType = sourcecode.swift; path = AppDelegate.swift; sourceTree = "<group>"; };
		F725D47E29D64EEA00A52ACE /* SceneDelegate.swift */ = {isa = PBXFileReference; lastKnownFileType = sourcecode.swift; path = SceneDelegate.swift; sourceTree = "<group>"; };
		F725D48029D64EEA00A52ACE /* LoginController.swift */ = {isa = PBXFileReference; lastKnownFileType = sourcecode.swift; path = LoginController.swift; sourceTree = "<group>"; };
		F725D48329D64EEA00A52ACE /* Base */ = {isa = PBXFileReference; lastKnownFileType = file.storyboard; name = Base; path = Base.lproj/Main.storyboard; sourceTree = "<group>"; };
		F725D48529D64EEB00A52ACE /* Assets.xcassets */ = {isa = PBXFileReference; lastKnownFileType = folder.assetcatalog; path = Assets.xcassets; sourceTree = "<group>"; };
		F725D48829D64EEB00A52ACE /* Base */ = {isa = PBXFileReference; lastKnownFileType = file.storyboard; name = Base; path = Base.lproj/LaunchScreen.storyboard; sourceTree = "<group>"; };
		F725D48A29D64EEB00A52ACE /* Info.plist */ = {isa = PBXFileReference; lastKnownFileType = text.plist.xml; path = Info.plist; sourceTree = "<group>"; };
		F725D49529D65F2C00A52ACE /* MenuController.swift */ = {isa = PBXFileReference; lastKnownFileType = sourcecode.swift; path = MenuController.swift; sourceTree = "<group>"; };
		F725D49729D65F5300A52ACE /* ListBluetoothDevicesController.swift */ = {isa = PBXFileReference; lastKnownFileType = sourcecode.swift; path = ListBluetoothDevicesController.swift; sourceTree = "<group>"; };
		F725D49A29D6646F00A52ACE /* LoginViewModel.swift */ = {isa = PBXFileReference; lastKnownFileType = sourcecode.swift; path = LoginViewModel.swift; sourceTree = "<group>"; };
		F725D49D29D664B200A52ACE /* Utility.swift */ = {isa = PBXFileReference; lastKnownFileType = sourcecode.swift; path = Utility.swift; sourceTree = "<group>"; };
		F725D4A029D6657B00A52ACE /* Login.swift */ = {isa = PBXFileReference; lastKnownFileType = sourcecode.swift; path = Login.swift; sourceTree = "<group>"; };
		F725D4A229D665E800A52ACE /* Usuario.swift */ = {isa = PBXFileReference; lastKnownFileType = sourcecode.swift; path = Usuario.swift; sourceTree = "<group>"; };
/* End PBXFileReference section */

/* Begin PBXFrameworksBuildPhase section */
		F725D47629D64EEA00A52ACE /* Frameworks */ = {
			isa = PBXFrameworksBuildPhase;
			buildActionMask = 2147483647;
			files = (
			);
			runOnlyForDeploymentPostprocessing = 0;
		};
/* End PBXFrameworksBuildPhase section */

/* Begin PBXGroup section */
		F725D47029D64EEA00A52ACE = {
			isa = PBXGroup;
			children = (
				F725D47B29D64EEA00A52ACE /* DBernalPruebaTecnica */,
				F725D47A29D64EEA00A52ACE /* Products */,
			);
			sourceTree = "<group>";
		};
		F725D47A29D64EEA00A52ACE /* Products */ = {
			isa = PBXGroup;
			children = (
				F725D47929D64EEA00A52ACE /* DBernalPruebaTecnica.app */,
			);
			name = Products;
			sourceTree = "<group>";
		};
		F725D47B29D64EEA00A52ACE /* DBernalPruebaTecnica */ = {
			isa = PBXGroup;
			children = (
				F725D49F29D6656B00A52ACE /* Model */,
				F725D49C29D664A400A52ACE /* Helper */,
				F725D49429D64F2000A52ACE /* Controller */,
				F725D49329D64F0800A52ACE /* Assets */,
				F725D49229D64F0200A52ACE /* View */,
				F725D49129D64EFC00A52ACE /* Config */,
				F725D49029D64EF300A52ACE /* ViewModel */,
				F725D48A29D64EEB00A52ACE /* Info.plist */,
			);
			path = DBernalPruebaTecnica;
			sourceTree = "<group>";
		};
		F725D49029D64EF300A52ACE /* ViewModel */ = {
			isa = PBXGroup;
			children = (
				F725D49A29D6646F00A52ACE /* LoginViewModel.swift */,
			);
			path = ViewModel;
			sourceTree = "<group>";
		};
		F725D49129D64EFC00A52ACE /* Config */ = {
			isa = PBXGroup;
			children = (
				F725D47E29D64EEA00A52ACE /* SceneDelegate.swift */,
				F725D47C29D64EEA00A52ACE /* AppDelegate.swift */,
			);
			path = Config;
			sourceTree = "<group>";
		};
		F725D49229D64F0200A52ACE /* View */ = {
			isa = PBXGroup;
			children = (
				F725D48729D64EEB00A52ACE /* LaunchScreen.storyboard */,
				F725D48229D64EEA00A52ACE /* Main.storyboard */,
			);
			path = View;
			sourceTree = "<group>";
		};
		F725D49329D64F0800A52ACE /* Assets */ = {
			isa = PBXGroup;
			children = (
				F725D48529D64EEB00A52ACE /* Assets.xcassets */,
			);
			path = Assets;
			sourceTree = "<group>";
		};
		F725D49429D64F2000A52ACE /* Controller */ = {
			isa = PBXGroup;
			children = (
				F725D48029D64EEA00A52ACE /* LoginController.swift */,
				F725D49529D65F2C00A52ACE /* MenuController.swift */,
				F725D49729D65F5300A52ACE /* ListBluetoothDevicesController.swift */,
			);
			path = Controller;
			sourceTree = "<group>";
		};
		F725D49C29D664A400A52ACE /* Helper */ = {
			isa = PBXGroup;
			children = (
				F725D49D29D664B200A52ACE /* Utility.swift */,
			);
			path = Helper;
			sourceTree = "<group>";
		};
		F725D49F29D6656B00A52ACE /* Model */ = {
			isa = PBXGroup;
			children = (
				F725D4A029D6657B00A52ACE /* Login.swift */,
				F725D4A229D665E800A52ACE /* Usuario.swift */,
			);
			path = Model;
			sourceTree = "<group>";
		};
/* End PBXGroup section */

/* Begin PBXNativeTarget section */
		F725D47829D64EEA00A52ACE /* DBernalPruebaTecnica */ = {
			isa = PBXNativeTarget;
			buildConfigurationList = F725D48D29D64EEB00A52ACE /* Build configuration list for PBXNativeTarget "DBernalPruebaTecnica" */;
			buildPhases = (
				F725D47529D64EEA00A52ACE /* Sources */,
				F725D47629D64EEA00A52ACE /* Frameworks */,
				F725D47729D64EEA00A52ACE /* Resources */,
			);
			buildRules = (
			);
			dependencies = (
			);
			name = DBernalPruebaTecnica;
			productName = DBernalPruebaTecnica;
			productReference = F725D47929D64EEA00A52ACE /* DBernalPruebaTecnica.app */;
			productType = "com.apple.product-type.application";
		};
/* End PBXNativeTarget section */

/* Begin PBXProject section */
		F725D47129D64EEA00A52ACE /* Project object */ = {
			isa = PBXProject;
			attributes = {
				BuildIndependentTargetsInParallel = 1;
				LastSwiftUpdateCheck = 1420;
				LastUpgradeCheck = 1420;
				TargetAttributes = {
					F725D47829D64EEA00A52ACE = {
						CreatedOnToolsVersion = 14.2;
					};
				};
			};
			buildConfigurationList = F725D47429D64EEA00A52ACE /* Build configuration list for PBXProject "DBernalPruebaTecnica" */;
			compatibilityVersion = "Xcode 14.0";
			developmentRegion = en;
			hasScannedForEncodings = 0;
			knownRegions = (
				en,
				Base,
			);
			mainGroup = F725D47029D64EEA00A52ACE;
			productRefGroup = F725D47A29D64EEA00A52ACE /* Products */;
			projectDirPath = "";
			projectRoot = "";
			targets = (
				F725D47829D64EEA00A52ACE /* DBernalPruebaTecnica */,
			);
		};
/* End PBXProject section */

/* Begin PBXResourcesBuildPhase section */
		F725D47729D64EEA00A52ACE /* Resources */ = {
			isa = PBXResourcesBuildPhase;
			buildActionMask = 2147483647;
			files = (
				F725D48929D64EEB00A52ACE /* LaunchScreen.storyboard in Resources */,
				F725D48629D64EEB00A52ACE /* Assets.xcassets in Resources */,
				F725D48429D64EEA00A52ACE /* Main.storyboard in Resources */,
			);
			runOnlyForDeploymentPostprocessing = 0;
		};
/* End PBXResourcesBuildPhase section */

/* Begin PBXSourcesBuildPhase section */
		F725D47529D64EEA00A52ACE /* Sources */ = {
			isa = PBXSourcesBuildPhase;
			buildActionMask = 2147483647;
			files = (
				F725D49E29D664B200A52ACE /* Utility.swift in Sources */,
				F725D49629D65F2C00A52ACE /* MenuController.swift in Sources */,
				F725D48129D64EEA00A52ACE /* LoginController.swift in Sources */,
				F725D47D29D64EEA00A52ACE /* AppDelegate.swift in Sources */,
				F725D49B29D6646F00A52ACE /* LoginViewModel.swift in Sources */,
				F725D4A329D665E800A52ACE /* Usuario.swift in Sources */,
				F725D47F29D64EEA00A52ACE /* SceneDelegate.swift in Sources */,
				F725D49829D65F5300A52ACE /* ListBluetoothDevicesController.swift in Sources */,
				F725D4A129D6657B00A52ACE /* Login.swift in Sources */,
			);
			runOnlyForDeploymentPostprocessing = 0;
		};
/* End PBXSourcesBuildPhase section */

/* Begin PBXVariantGroup section */
		F725D48229D64EEA00A52ACE /* Main.storyboard */ = {
			isa = PBXVariantGroup;
			children = (
				F725D48329D64EEA00A52ACE /* Base */,
			);
			name = Main.storyboard;
			sourceTree = "<group>";
		};
		F725D48729D64EEB00A52ACE /* LaunchScreen.storyboard */ = {
			isa = PBXVariantGroup;
			children = (
				F725D48829D64EEB00A52ACE /* Base */,
			);
			name = LaunchScreen.storyboard;
			sourceTree = "<group>";
		};
/* End PBXVariantGroup section */

/* Begin XCBuildConfiguration section */
		F725D48B29D64EEB00A52ACE /* Debug */ = {
			isa = XCBuildConfiguration;
			buildSettings = {
				ALWAYS_SEARCH_USER_PATHS = NO;
				CLANG_ANALYZER_NONNULL = YES;
				CLANG_ANALYZER_NUMBER_OBJECT_CONVERSION = YES_AGGRESSIVE;
				CLANG_CXX_LANGUAGE_STANDARD = "gnu++20";
				CLANG_ENABLE_MODULES = YES;
				CLANG_ENABLE_OBJC_ARC = YES;
				CLANG_ENABLE_OBJC_WEAK = YES;
				CLANG_WARN_BLOCK_CAPTURE_AUTORELEASING = YES;
				CLANG_WARN_BOOL_CONVERSION = YES;
				CLANG_WARN_COMMA = YES;
				CLANG_WARN_CONSTANT_CONVERSION = YES;
				CLANG_WARN_DEPRECATED_OBJC_IMPLEMENTATIONS = YES;
				CLANG_WARN_DIRECT_OBJC_ISA_USAGE = YES_ERROR;
				CLANG_WARN_DOCUMENTATION_COMMENTS = YES;
				CLANG_WARN_EMPTY_BODY = YES;
				CLANG_WARN_ENUM_CONVERSION = YES;
				CLANG_WARN_INFINITE_RECURSION = YES;
				CLANG_WARN_INT_CONVERSION = YES;
				CLANG_WARN_NON_LITERAL_NULL_CONVERSION = YES;
				CLANG_WARN_OBJC_IMPLICIT_RETAIN_SELF = YES;
				CLANG_WARN_OBJC_LITERAL_CONVERSION = YES;
				CLANG_WARN_OBJC_ROOT_CLASS = YES_ERROR;
				CLANG_WARN_QUOTED_INCLUDE_IN_FRAMEWORK_HEADER = YES;
				CLANG_WARN_RANGE_LOOP_ANALYSIS = YES;
				CLANG_WARN_STRICT_PROTOTYPES = YES;
				CLANG_WARN_SUSPICIOUS_MOVE = YES;
				CLANG_WARN_UNGUARDED_AVAILABILITY = YES_AGGRESSIVE;
				CLANG_WARN_UNREACHABLE_CODE = YES;
				CLANG_WARN__DUPLICATE_METHOD_MATCH = YES;
				COPY_PHASE_STRIP = NO;
				DEBUG_INFORMATION_FORMAT = dwarf;
				ENABLE_STRICT_OBJC_MSGSEND = YES;
				ENABLE_TESTABILITY = YES;
				GCC_C_LANGUAGE_STANDARD = gnu11;
				GCC_DYNAMIC_NO_PIC = NO;
				GCC_NO_COMMON_BLOCKS = YES;
				GCC_OPTIMIZATION_LEVEL = 0;
				GCC_PREPROCESSOR_DEFINITIONS = (
					"DEBUG=1",
					"$(inherited)",
				);
				GCC_WARN_64_TO_32_BIT_CONVERSION = YES;
				GCC_WARN_ABOUT_RETURN_TYPE = YES_ERROR;
				GCC_WARN_UNDECLARED_SELECTOR = YES;
				GCC_WARN_UNINITIALIZED_AUTOS = YES_AGGRESSIVE;
				GCC_WARN_UNUSED_FUNCTION = YES;
				GCC_WARN_UNUSED_VARIABLE = YES;
				IPHONEOS_DEPLOYMENT_TARGET = 16.2;
				MTL_ENABLE_DEBUG_INFO = INCLUDE_SOURCE;
				MTL_FAST_MATH = YES;
				ONLY_ACTIVE_ARCH = YES;
				SDKROOT = iphoneos;
				SWIFT_ACTIVE_COMPILATION_CONDITIONS = DEBUG;
				SWIFT_OPTIMIZATION_LEVEL = "-Onone";
			};
			name = Debug;
		};
		F725D48C29D64EEB00A52ACE /* Release */ = {
			isa = XCBuildConfiguration;
			buildSettings = {
				ALWAYS_SEARCH_USER_PATHS = NO;
				CLANG_ANALYZER_NONNULL = YES;
				CLANG_ANALYZER_NUMBER_OBJECT_CONVERSION = YES_AGGRESSIVE;
				CLANG_CXX_LANGUAGE_STANDARD = "gnu++20";
				CLANG_ENABLE_MODULES = YES;
				CLANG_ENABLE_OBJC_ARC = YES;
				CLANG_ENABLE_OBJC_WEAK = YES;
				CLANG_WARN_BLOCK_CAPTURE_AUTORELEASING = YES;
				CLANG_WARN_BOOL_CONVERSION = YES;
				CLANG_WARN_COMMA = YES;
				CLANG_WARN_CONSTANT_CONVERSION = YES;
				CLANG_WARN_DEPRECATED_OBJC_IMPLEMENTATIONS = YES;
				CLANG_WARN_DIRECT_OBJC_ISA_USAGE = YES_ERROR;
				CLANG_WARN_DOCUMENTATION_COMMENTS = YES;
				CLANG_WARN_EMPTY_BODY = YES;
				CLANG_WARN_ENUM_CONVERSION = YES;
				CLANG_WARN_INFINITE_RECURSION = YES;
				CLANG_WARN_INT_CONVERSION = YES;
				CLANG_WARN_NON_LITERAL_NULL_CONVERSION = YES;
				CLANG_WARN_OBJC_IMPLICIT_RETAIN_SELF = YES;
				CLANG_WARN_OBJC_LITERAL_CONVERSION = YES;
				CLANG_WARN_OBJC_ROOT_CLASS = YES_ERROR;
				CLANG_WARN_QUOTED_INCLUDE_IN_FRAMEWORK_HEADER = YES;
				CLANG_WARN_RANGE_LOOP_ANALYSIS = YES;
				CLANG_WARN_STRICT_PROTOTYPES = YES;
				CLANG_WARN_SUSPICIOUS_MOVE = YES;
				CLANG_WARN_UNGUARDED_AVAILABILITY = YES_AGGRESSIVE;
				CLANG_WARN_UNREACHABLE_CODE = YES;
				CLANG_WARN__DUPLICATE_METHOD_MATCH = YES;
				COPY_PHASE_STRIP = NO;
				DEBUG_INFORMATION_FORMAT = "dwarf-with-dsym";
				ENABLE_NS_ASSERTIONS = NO;
				ENABLE_STRICT_OBJC_MSGSEND = YES;
				GCC_C_LANGUAGE_STANDARD = gnu11;
				GCC_NO_COMMON_BLOCKS = YES;
				GCC_WARN_64_TO_32_BIT_CONVERSION = YES;
				GCC_WARN_ABOUT_RETURN_TYPE = YES_ERROR;
				GCC_WARN_UNDECLARED_SELECTOR = YES;
				GCC_WARN_UNINITIALIZED_AUTOS = YES_AGGRESSIVE;
				GCC_WARN_UNUSED_FUNCTION = YES;
				GCC_WARN_UNUSED_VARIABLE = YES;
				IPHONEOS_DEPLOYMENT_TARGET = 16.2;
				MTL_ENABLE_DEBUG_INFO = NO;
				MTL_FAST_MATH = YES;
				SDKROOT = iphoneos;
				SWIFT_COMPILATION_MODE = wholemodule;
				SWIFT_OPTIMIZATION_LEVEL = "-O";
				VALIDATE_PRODUCT = YES;
			};
			name = Release;
		};
		F725D48E29D64EEB00A52ACE /* Debug */ = {
			isa = XCBuildConfiguration;
			buildSettings = {
				ASSETCATALOG_COMPILER_APPICON_NAME = AppIcon;
				ASSETCATALOG_COMPILER_GLOBAL_ACCENT_COLOR_NAME = AccentColor;
				CODE_SIGN_STYLE = Automatic;
				CURRENT_PROJECT_VERSION = 1;
				GENERATE_INFOPLIST_FILE = YES;
				INFOPLIST_FILE = DBernalPruebaTecnica/Info.plist;
				INFOPLIST_KEY_UIApplicationSupportsIndirectInputEvents = YES;
				INFOPLIST_KEY_UILaunchStoryboardName = LaunchScreen;
				INFOPLIST_KEY_UIMainStoryboardFile = Main;
				INFOPLIST_KEY_UISupportedInterfaceOrientations_iPad = "UIInterfaceOrientationPortrait UIInterfaceOrientationPortraitUpsideDown UIInterfaceOrientationLandscapeLeft UIInterfaceOrientationLandscapeRight";
				INFOPLIST_KEY_UISupportedInterfaceOrientations_iPhone = "UIInterfaceOrientationPortrait UIInterfaceOrientationLandscapeLeft UIInterfaceOrientationLandscapeRight";
				LD_RUNPATH_SEARCH_PATHS = (
					"$(inherited)",
					"@executable_path/Frameworks",
				);
				MARKETING_VERSION = 1.0;
				PRODUCT_BUNDLE_IDENTIFIER = com.digis.DBernalPruebaTecnica;
				PRODUCT_NAME = "$(TARGET_NAME)";
				SWIFT_EMIT_LOC_STRINGS = YES;
				SWIFT_VERSION = 5.0;
				TARGETED_DEVICE_FAMILY = "1,2";
			};
			name = Debug;
		};
		F725D48F29D64EEB00A52ACE /* Release */ = {
			isa = XCBuildConfiguration;
			buildSettings = {
				ASSETCATALOG_COMPILER_APPICON_NAME = AppIcon;
				ASSETCATALOG_COMPILER_GLOBAL_ACCENT_COLOR_NAME = AccentColor;
				CODE_SIGN_STYLE = Automatic;
				CURRENT_PROJECT_VERSION = 1;
				GENERATE_INFOPLIST_FILE = YES;
				INFOPLIST_FILE = DBernalPruebaTecnica/Info.plist;
				INFOPLIST_KEY_UIApplicationSupportsIndirectInputEvents = YES;
				INFOPLIST_KEY_UILaunchStoryboardName = LaunchScreen;
				INFOPLIST_KEY_UIMainStoryboardFile = Main;
				INFOPLIST_KEY_UISupportedInterfaceOrientations_iPad = "UIInterfaceOrientationPortrait UIInterfaceOrientationPortraitUpsideDown UIInterfaceOrientationLandscapeLeft UIInterfaceOrientationLandscapeRight";
				INFOPLIST_KEY_UISupportedInterfaceOrientations_iPhone = "UIInterfaceOrientationPortrait UIInterfaceOrientationLandscapeLeft UIInterfaceOrientationLandscapeRight";
				LD_RUNPATH_SEARCH_PATHS = (
					"$(inherited)",
					"@executable_path/Frameworks",
				);
				MARKETING_VERSION = 1.0;
				PRODUCT_BUNDLE_IDENTIFIER = com.digis.DBernalPruebaTecnica;
				PRODUCT_NAME = "$(TARGET_NAME)";
				SWIFT_EMIT_LOC_STRINGS = YES;
				SWIFT_VERSION = 5.0;
				TARGETED_DEVICE_FAMILY = "1,2";
			};
			name = Release;
		};
/* End XCBuildConfiguration section */

/* Begin XCConfigurationList section */
		F725D47429D64EEA00A52ACE /* Build configuration list for PBXProject "DBernalPruebaTecnica" */ = {
			isa = XCConfigurationList;
			buildConfigurations = (
				F725D48B29D64EEB00A52ACE /* Debug */,
				F725D48C29D64EEB00A52ACE /* Release */,
			);
			defaultConfigurationIsVisible = 0;
			defaultConfigurationName = Release;
		};
		F725D48D29D64EEB00A52ACE /* Build configuration list for PBXNativeTarget "DBernalPruebaTecnica" */ = {
			isa = XCConfigurationList;
			buildConfigurations = (
				F725D48E29D64EEB00A52ACE /* Debug */,
				F725D48F29D64EEB00A52ACE /* Release */,
			);
			defaultConfigurationIsVisible = 0;
			defaultConfigurationName = Release;
		};
/* End XCConfigurationList section */
	};
	rootObject = F725D47129D64EEA00A52ACE /* Project object */;
}
